# This file is autogenerated, do not edit; changes may be undone by the next 'dep ensure'.


[[projects]]
  digest = "1:3d3a509c5ba327e8573bb57f9da8430c63a46a06886eb1d2ffc8af4e76f31c72"
  name = "cloud.google.com/go"
  packages = ["civil"]
  pruneopts = "UT"
  revision = "cdaaf98f9226c39dc162b8e55083b2fbc67b4674"
  version = "v0.43.0"

[[projects]]
  branch = "master"
  digest = "1:6039ed950df60b86ffd405d31fbd8db38c38cb55e2bd8a398c5d85824aaea27e"
  name = "github.com/denisenkom/go-mssqldb"
  packages = [
    ".",
    "internal/cp",
    "internal/querytext",
  ]
  pruneopts = "UT"
  revision = "23f0cad53f5ca1ed65e72eee157eefb20f645e7b"

[[projects]]
  branch = "master"
  digest = "1:100a36e16f77aaad7c9144ab26bcefb92c5b6ebed5b137f935fdc11f541fa5b8"
  name = "golang.org/x/crypto"
  packages = ["md4"]
  pruneopts = "UT"
  revision = "4def268fd1a49955bfb3dda92fe3db4f924f2285"

[[projects]]
  branch = "master"
  digest = "1:7427036b6d926b3d1fa0773771820735b35554a98296f1074df440ee30a97296"
  name = "golang.org/x/net"
  packages = ["websocket"]
  pruneopts = "UT"
  revision = "da137c7871d730100384dbcf36e6f8fa493aef5b"

[solve-meta]
  analyzer-name = "dep"
  analyzer-version = 1
  input-imports = [
    "github.com/denisenkom/go-mssqldb",
    "golang.org/x/net/websocket",
  ]
  solver-name = "gps-cdcl"
  solver-version = 1
